
Microsoft Visual Studio Solution File, Format Version 12.00
# Visual Studio 14
VisualStudioVersion = 14.0.25123.0
MinimumVisualStudioVersion = 10.0.40219.1
Project("{2150E333-8FDC-42A3-9474-1A3956D46DE8}") = "src", "src", "{28FB2A6B-C870-4AAC-8501-422A7DD4D3E7}"
EndProject
Project("{2150E333-8FDC-42A3-9474-1A3956D46DE8}") = "Solution Items", "Solution Items", "{36295A37-DFB6-44B6-B69D-60EE70636690}"
	ProjectSection(SolutionItems) = preProject
		global.json = global.json
	EndProjectSection
EndProject
Project("{FAE04EC0-301F-11D3-BF4B-00C04F79EFBC}") = "PIMC.Model", "src\PIMC.Model\PIMC.Model.csproj", "{CF848C8C-973E-41F6-BB6A-4A268E1397E8}"
EndProject
Project("{FAE04EC0-301F-11D3-BF4B-00C04F79EFBC}") = "PIMC.Database", "src\PIMC.Database\PIMC.Database.csproj", "{57C14103-8614-45C2-9D99-FA9FA486A662}"
EndProject
Project("{FAE04EC0-301F-11D3-BF4B-00C04F79EFBC}") = "PIMC.Services", "src\PIMC.Services\PIMC.Services.csproj", "{ADE77F47-897F-4745-AE01-85039EA220BC}"
EndProject
Project("{FAE04EC0-301F-11D3-BF4B-00C04F79EFBC}") = "PIMC_ApiServices", "PIMC_ApiServices\PIMC_ApiServices.csproj", "{FAC5FC6F-72A1-43E2-ACFA-126DE355E1B3}"
EndProject
Global
	GlobalSection(SolutionConfigurationPlatforms) = preSolution
		Debug|Any CPU = Debug|Any CPU
		Release|Any CPU = Release|Any CPU
	EndGlobalSection
	GlobalSection(ProjectConfigurationPlatforms) = postSolution
		{CF848C8C-973E-41F6-BB6A-4A268E1397E8}.Debug|Any CPU.ActiveCfg = Debug|Any CPU
		{CF848C8C-973E-41F6-BB6A-4A268E1397E8}.Debug|Any CPU.Build.0 = Debug|Any CPU
		{CF848C8C-973E-41F6-BB6A-4A268E1397E8}.Release|Any CPU.ActiveCfg = Release|Any CPU
		{CF848C8C-973E-41F6-BB6A-4A268E1397E8}.Release|Any CPU.Build.0 = Release|Any CPU
		{57C14103-8614-45C2-9D99-FA9FA486A662}.Debug|Any CPU.ActiveCfg = Debug|Any CPU
		{57C14103-8614-45C2-9D99-FA9FA486A662}.Debug|Any CPU.Build.0 = Debug|Any CPU
		{57C14103-8614-45C2-9D99-FA9FA486A662}.Release|Any CPU.ActiveCfg = Release|Any CPU
		{57C14103-8614-45C2-9D99-FA9FA486A662}.Release|Any CPU.Build.0 = Release|Any CPU
		{ADE77F47-897F-4745-AE01-85039EA220BC}.Debug|Any CPU.ActiveCfg = Debug|Any CPU
		{ADE77F47-897F-4745-AE01-85039EA220BC}.Debug|Any CPU.Build.0 = Debug|Any CPU
		{ADE77F47-897F-4745-AE01-85039EA220BC}.Release|Any CPU.ActiveCfg = Release|Any CPU
		{ADE77F47-897F-4745-AE01-85039EA220BC}.Release|Any CPU.Build.0 = Release|Any CPU
		{FAC5FC6F-72A1-43E2-ACFA-126DE355E1B3}.Debug|Any CPU.ActiveCfg = Debug|Any CPU
		{FAC5FC6F-72A1-43E2-ACFA-126DE355E1B3}.Debug|Any CPU.Build.0 = Debug|Any CPU
		{FAC5FC6F-72A1-43E2-ACFA-126DE355E1B3}.Release|Any CPU.ActiveCfg = Release|Any CPU
		{FAC5FC6F-72A1-43E2-ACFA-126DE355E1B3}.Release|Any CPU.Build.0 = Release|Any CPU
	EndGlobalSection
	GlobalSection(SolutionProperties) = preSolution
		HideSolutionNode = FALSE
	EndGlobalSection
	GlobalSection(NestedProjects) = preSolution
		{CF848C8C-973E-41F6-BB6A-4A268E1397E8} = {28FB2A6B-C870-4AAC-8501-422A7DD4D3E7}
		{57C14103-8614-45C2-9D99-FA9FA486A662} = {28FB2A6B-C870-4AAC-8501-422A7DD4D3E7}
		{ADE77F47-897F-4745-AE01-85039EA220BC} = {28FB2A6B-C870-4AAC-8501-422A7DD4D3E7}
	EndGlobalSection
EndGlobal
